// !$*UTF8*$!
{
	archiveVersion = 1;
	classes = {
	};
	objectVersion = 46;
	objects = {

/* Begin PBXBuildFile section */
		1722C3851C2BC9CE00976665 /* UserListViewControllerTests.swift in Sources */ = {isa = PBXBuildFile; fileRef = 1722C3841C2BC9CE00976665 /* UserListViewControllerTests.swift */; };
		1722C38B1C2BD63000976665 /* UserListDataProvider.swift in Sources */ = {isa = PBXBuildFile; fileRef = 1722C38A1C2BD63000976665 /* UserListDataProvider.swift */; };
		1722C38D1C2BD65400976665 /* UserListDataProviderProtocol.swift in Sources */ = {isa = PBXBuildFile; fileRef = 1722C38C1C2BD65400976665 /* UserListDataProviderProtocol.swift */; };
		174974791C224AD500B95AAF /* AppDelegate.swift in Sources */ = {isa = PBXBuildFile; fileRef = 174974781C224AD500B95AAF /* AppDelegate.swift */; };
		1749747E1C224AD500B95AAF /* Main.storyboard in Resources */ = {isa = PBXBuildFile; fileRef = 1749747C1C224AD500B95AAF /* Main.storyboard */; };
		174974801C224AD500B95AAF /* Assets.xcassets in Resources */ = {isa = PBXBuildFile; fileRef = 1749747F1C224AD500B95AAF /* Assets.xcassets */; };
		174974831C224AD500B95AAF /* LaunchScreen.storyboard in Resources */ = {isa = PBXBuildFile; fileRef = 174974811C224AD500B95AAF /* LaunchScreen.storyboard */; };
		174974991C224B5A00B95AAF /* UserService.swift in Sources */ = {isa = PBXBuildFile; fileRef = 174974981C224B5A00B95AAF /* UserService.swift */; };
		1749749B1C224B7500B95AAF /* User.swift in Sources */ = {isa = PBXBuildFile; fileRef = 1749749A1C224B7500B95AAF /* User.swift */; };
		1749749D1C224B9B00B95AAF /* UserServiceProtocol.swift in Sources */ = {isa = PBXBuildFile; fileRef = 1749749C1C224B9B00B95AAF /* UserServiceProtocol.swift */; };
		1751C4431C29879500E1F338 /* UserListViewController.swift in Sources */ = {isa = PBXBuildFile; fileRef = 1751C4421C29879500E1F338 /* UserListViewController.swift */; };
		1751C4451C2987AC00E1F338 /* UserViewController.swift in Sources */ = {isa = PBXBuildFile; fileRef = 1751C4441C2987AC00E1F338 /* UserViewController.swift */; };
		1751C4471C29880E00E1F338 /* UserCell.swift in Sources */ = {isa = PBXBuildFile; fileRef = 1751C4461C29880E00E1F338 /* UserCell.swift */; };
/* End PBXBuildFile section */

/* Begin PBXContainerItemProxy section */
		1749748A1C224AD500B95AAF /* PBXContainerItemProxy */ = {
			isa = PBXContainerItemProxy;
			containerPortal = 1749746D1C224AD500B95AAF /* Project object */;
			proxyType = 1;
			remoteGlobalIDString = 174974741C224AD500B95AAF;
			remoteInfo = MGUnitTestDemo;
		};
/* End PBXContainerItemProxy section */

/* Begin PBXFileReference section */
		1722C3841C2BC9CE00976665 /* UserListViewControllerTests.swift */ = {isa = PBXFileReference; fileEncoding = 4; lastKnownFileType = sourcecode.swift; path = UserListViewControllerTests.swift; sourceTree = "<group>"; };
		1722C38A1C2BD63000976665 /* UserListDataProvider.swift */ = {isa = PBXFileReference; fileEncoding = 4; lastKnownFileType = sourcecode.swift; path = UserListDataProvider.swift; sourceTree = "<group>"; };
		1722C38C1C2BD65400976665 /* UserListDataProviderProtocol.swift */ = {isa = PBXFileReference; fileEncoding = 4; lastKnownFileType = sourcecode.swift; path = UserListDataProviderProtocol.swift; sourceTree = "<group>"; };
		174974751C224AD500B95AAF /* MGUnitTestDemo.app */ = {isa = PBXFileReference; explicitFileType = wrapper.application; includeInIndex = 0; path = MGUnitTestDemo.app; sourceTree = BUILT_PRODUCTS_DIR; };
		174974781C224AD500B95AAF /* AppDelegate.swift */ = {isa = PBXFileReference; lastKnownFileType = sourcecode.swift; path = AppDelegate.swift; sourceTree = "<group>"; };
		1749747D1C224AD500B95AAF /* Base */ = {isa = PBXFileReference; lastKnownFileType = file.storyboard; name = Base; path = Base.lproj/Main.storyboard; sourceTree = "<group>"; };
		1749747F1C224AD500B95AAF /* Assets.xcassets */ = {isa = PBXFileReference; lastKnownFileType = folder.assetcatalog; path = Assets.xcassets; sourceTree = "<group>"; };
		174974821C224AD500B95AAF /* Base */ = {isa = PBXFileReference; lastKnownFileType = file.storyboard; name = Base; path = Base.lproj/LaunchScreen.storyboard; sourceTree = "<group>"; };
		174974841C224AD500B95AAF /* Info.plist */ = {isa = PBXFileReference; lastKnownFileType = text.plist.xml; path = Info.plist; sourceTree = "<group>"; };
		174974891C224AD500B95AAF /* MGUnitTestDemoTests.xctest */ = {isa = PBXFileReference; explicitFileType = wrapper.cfbundle; includeInIndex = 0; path = MGUnitTestDemoTests.xctest; sourceTree = BUILT_PRODUCTS_DIR; };
		1749748F1C224AD500B95AAF /* Info.plist */ = {isa = PBXFileReference; lastKnownFileType = text.plist.xml; path = Info.plist; sourceTree = "<group>"; };
		174974981C224B5A00B95AAF /* UserService.swift */ = {isa = PBXFileReference; fileEncoding = 4; lastKnownFileType = sourcecode.swift; path = UserService.swift; sourceTree = "<group>"; };
		1749749A1C224B7500B95AAF /* User.swift */ = {isa = PBXFileReference; fileEncoding = 4; lastKnownFileType = sourcecode.swift; path = User.swift; sourceTree = "<group>"; };
		1749749C1C224B9B00B95AAF /* UserServiceProtocol.swift */ = {isa = PBXFileReference; fileEncoding = 4; lastKnownFileType = sourcecode.swift; path = UserServiceProtocol.swift; sourceTree = "<group>"; };
		1751C4421C29879500E1F338 /* UserListViewController.swift */ = {isa = PBXFileReference; fileEncoding = 4; lastKnownFileType = sourcecode.swift; path = UserListViewController.swift; sourceTree = "<group>"; };
		1751C4441C2987AC00E1F338 /* UserViewController.swift */ = {isa = PBXFileReference; fileEncoding = 4; lastKnownFileType = sourcecode.swift; path = UserViewController.swift; sourceTree = "<group>"; };
		1751C4461C29880E00E1F338 /* UserCell.swift */ = {isa = PBXFileReference; fileEncoding = 4; lastKnownFileType = sourcecode.swift; path = UserCell.swift; sourceTree = "<group>"; };
/* End PBXFileReference section */

/* Begin PBXFrameworksBuildPhase section */
		174974721C224AD500B95AAF /* Frameworks */ = {
			isa = PBXFrameworksBuildPhase;
			buildActionMask = 2147483647;
			files = (
			);
			runOnlyForDeploymentPostprocessing = 0;
		};
		174974861C224AD500B95AAF /* Frameworks */ = {
			isa = PBXFrameworksBuildPhase;
			buildActionMask = 2147483647;
			files = (
			);
			runOnlyForDeploymentPostprocessing = 0;
		};
/* End PBXFrameworksBuildPhase section */

/* Begin PBXGroup section */
		1722C3861C2BD47900976665 /* UI */ = {
			isa = PBXGroup;
			children = (
				1751C4421C29879500E1F338 /* UserListViewController.swift */,
				1751C4441C2987AC00E1F338 /* UserViewController.swift */,
				1751C4461C29880E00E1F338 /* UserCell.swift */,
				1722C38A1C2BD63000976665 /* UserListDataProvider.swift */,
				1722C38C1C2BD65400976665 /* UserListDataProviderProtocol.swift */,
			);
			name = UI;
			sourceTree = "<group>";
		};
		1722C3871C2BD48300976665 /* Service */ = {
			isa = PBXGroup;
			children = (
				174974981C224B5A00B95AAF /* UserService.swift */,
				1749749C1C224B9B00B95AAF /* UserServiceProtocol.swift */,
				1749749A1C224B7500B95AAF /* User.swift */,
			);
			name = Service;
			sourceTree = "<group>";
		};
		1749746C1C224AD500B95AAF = {
			isa = PBXGroup;
			children = (
				174974771C224AD500B95AAF /* MGUnitTestDemo */,
				1749748C1C224AD500B95AAF /* MGUnitTestDemoTests */,
				174974761C224AD500B95AAF /* Products */,
			);
			sourceTree = "<group>";
		};
		174974761C224AD500B95AAF /* Products */ = {
			isa = PBXGroup;
			children = (
				174974751C224AD500B95AAF /* MGUnitTestDemo.app */,
				174974891C224AD500B95AAF /* MGUnitTestDemoTests.xctest */,
			);
			name = Products;
			sourceTree = "<group>";
		};
		174974771C224AD500B95AAF /* MGUnitTestDemo */ = {
			isa = PBXGroup;
			children = (
				1722C3871C2BD48300976665 /* Service */,
				1722C3861C2BD47900976665 /* UI */,
				174974781C224AD500B95AAF /* AppDelegate.swift */,
				1749747C1C224AD500B95AAF /* Main.storyboard */,
				1749747F1C224AD500B95AAF /* Assets.xcassets */,
				174974811C224AD500B95AAF /* LaunchScreen.storyboard */,
				174974841C224AD500B95AAF /* Info.plist */,
			);
			path = MGUnitTestDemo;
			sourceTree = "<group>";
		};
		1749748C1C224AD500B95AAF /* MGUnitTestDemoTests */ = {
			isa = PBXGroup;
			children = (
				1722C3841C2BC9CE00976665 /* UserListViewControllerTests.swift */,
				1749748F1C224AD500B95AAF /* Info.plist */,
			);
			path = MGUnitTestDemoTests;
			sourceTree = "<group>";
		};
/* End PBXGroup section */

/* Begin PBXNativeTarget section */
		174974741C224AD500B95AAF /* MGUnitTestDemo */ = {
			isa = PBXNativeTarget;
			buildConfigurationList = 174974921C224AD500B95AAF /* Build configuration list for PBXNativeTarget "MGUnitTestDemo" */;
			buildPhases = (
				174974711C224AD500B95AAF /* Sources */,
				174974721C224AD500B95AAF /* Frameworks */,
				174974731C224AD500B95AAF /* Resources */,
			);
			buildRules = (
			);
			dependencies = (
			);
			name = MGUnitTestDemo;
			productName = MGUnitTestDemo;
			productReference = 174974751C224AD500B95AAF /* MGUnitTestDemo.app */;
			productType = "com.apple.product-type.application";
		};
		174974881C224AD500B95AAF /* MGUnitTestDemoTests */ = {
			isa = PBXNativeTarget;
			buildConfigurationList = 174974951C224AD500B95AAF /* Build configuration list for PBXNativeTarget "MGUnitTestDemoTests" */;
			buildPhases = (
				174974851C224AD500B95AAF /* Sources */,
				174974861C224AD500B95AAF /* Frameworks */,
				174974871C224AD500B95AAF /* Resources */,
			);
			buildRules = (
			);
			dependencies = (
				1749748B1C224AD500B95AAF /* PBXTargetDependency */,
			);
			name = MGUnitTestDemoTests;
			productName = MGUnitTestDemoTests;
			productReference = 174974891C224AD500B95AAF /* MGUnitTestDemoTests.xctest */;
			productType = "com.apple.product-type.bundle.unit-test";
		};
/* End PBXNativeTarget section */

/* Begin PBXProject section */
		1749746D1C224AD500B95AAF /* Project object */ = {
			isa = PBXProject;
			attributes = {
				LastSwiftUpdateCheck = 0720;
				LastUpgradeCheck = 0720;
				ORGANIZATIONNAME = "Tuan Truong";
				TargetAttributes = {
					174974741C224AD500B95AAF = {
						CreatedOnToolsVersion = 7.2;
					};
					174974881C224AD500B95AAF = {
						CreatedOnToolsVersion = 7.2;
						TestTargetID = 174974741C224AD500B95AAF;
					};
				};
			};
			buildConfigurationList = 174974701C224AD500B95AAF /* Build configuration list for PBXProject "MGUnitTestDemo" */;
			compatibilityVersion = "Xcode 3.2";
			developmentRegion = English;
			hasScannedForEncodings = 0;
			knownRegions = (
				en,
				Base,
			);
			mainGroup = 1749746C1C224AD500B95AAF;
			productRefGroup = 174974761C224AD500B95AAF /* Products */;
			projectDirPath = "";
			projectRoot = "";
			targets = (
				174974741C224AD500B95AAF /* MGUnitTestDemo */,
				174974881C224AD500B95AAF /* MGUnitTestDemoTests */,
			);
		};
/* End PBXProject section */

/* Begin PBXResourcesBuildPhase section */
		174974731C224AD500B95AAF /* Resources */ = {
			isa = PBXResourcesBuildPhase;
			buildActionMask = 2147483647;
			files = (
				174974831C224AD500B95AAF /* LaunchScreen.storyboard in Resources */,
				174974801C224AD500B95AAF /* Assets.xcassets in Resources */,
				1749747E1C224AD500B95AAF /* Main.storyboard in Resources */,
			);
			runOnlyForDeploymentPostprocessing = 0;
		};
		174974871C224AD500B95AAF /* Resources */ = {
			isa = PBXResourcesBuildPhase;
			buildActionMask = 2147483647;
			files = (
			);
			runOnlyForDeploymentPostprocessing = 0;
		};
/* End PBXResourcesBuildPhase section */

/* Begin PBXSourcesBuildPhase section */
		174974711C224AD500B95AAF /* Sources */ = {
			isa = PBXSourcesBuildPhase;
			buildActionMask = 2147483647;
			files = (
				1751C4431C29879500E1F338 /* UserListViewController.swift in Sources */,
				1751C4451C2987AC00E1F338 /* UserViewController.swift in Sources */,
				1749749D1C224B9B00B95AAF /* UserServiceProtocol.swift in Sources */,
				1749749B1C224B7500B95AAF /* User.swift in Sources */,
				174974791C224AD500B95AAF /* AppDelegate.swift in Sources */,
				1722C38B1C2BD63000976665 /* UserListDataProvider.swift in Sources */,
				174974991C224B5A00B95AAF /* UserService.swift in Sources */,
				1722C38D1C2BD65400976665 /* UserListDataProviderProtocol.swift in Sources */,
				1751C4471C29880E00E1F338 /* UserCell.swift in Sources */,
			);
			runOnlyForDeploymentPostprocessing = 0;
		};
		174974851C224AD500B95AAF /* Sources */ = {
			isa = PBXSourcesBuildPhase;
			buildActionMask = 2147483647;
			files = (
				1722C3851C2BC9CE00976665 /* UserListViewControllerTests.swift in Sources */,
			);
			runOnlyForDeploymentPostprocessing = 0;
		};
/* End PBXSourcesBuildPhase section */

/* Begin PBXTargetDependency section */
		1749748B1C224AD500B95AAF /* PBXTargetDependency */ = {
			isa = PBXTargetDependency;
			target = 174974741C224AD500B95AAF /* MGUnitTestDemo */;
			targetProxy = 1749748A1C224AD500B95AAF /* PBXContainerItemProxy */;
		};
/* End PBXTargetDependency section */

/* Begin PBXVariantGroup section */
		1749747C1C224AD500B95AAF /* Main.storyboard */ = {
			isa = PBXVariantGroup;
			children = (
				1749747D1C224AD500B95AAF /* Base */,
			);
			name = Main.storyboard;
			sourceTree = "<group>";
		};
		174974811C224AD500B95AAF /* LaunchScreen.storyboard */ = {
			isa = PBXVariantGroup;
			children = (
				174974821C224AD500B95AAF /* Base */,
			);
			name = LaunchScreen.storyboard;
			sourceTree = "<group>";
		};
/* End PBXVariantGroup section */

/* Begin XCBuildConfiguration section */
		174974901C224AD500B95AAF /* Debug */ = {
			isa = XCBuildConfiguration;
			buildSettings = {
				ALWAYS_SEARCH_USER_PATHS = NO;
				CLANG_CXX_LANGUAGE_STANDARD = "gnu++0x";
				CLANG_CXX_LIBRARY = "libc++";
				CLANG_ENABLE_MODULES = YES;
				CLANG_ENABLE_OBJC_ARC = YES;
				CLANG_WARN_BOOL_CONVERSION = YES;
				CLANG_WARN_CONSTANT_CONVERSION = YES;
				CLANG_WARN_DIRECT_OBJC_ISA_USAGE = YES_ERROR;
				CLANG_WARN_EMPTY_BODY = YES;
				CLANG_WARN_ENUM_CONVERSION = YES;
				CLANG_WARN_INT_CONVERSION = YES;
				CLANG_WARN_OBJC_ROOT_CLASS = YES_ERROR;
				CLANG_WARN_UNREACHABLE_CODE = YES;
				CLANG_WARN__DUPLICATE_METHOD_MATCH = YES;
				"CODE_SIGN_IDENTITY[sdk=iphoneos*]" = "iPhone Developer";
				COPY_PHASE_STRIP = NO;
				DEBUG_INFORMATION_FORMAT = dwarf;
				ENABLE_STRICT_OBJC_MSGSEND = YES;
				ENABLE_TESTABILITY = YES;
				GCC_C_LANGUAGE_STANDARD = gnu99;
				GCC_DYNAMIC_NO_PIC = NO;
				GCC_NO_COMMON_BLOCKS = YES;
				GCC_OPTIMIZATION_LEVEL = 0;
				GCC_PREPROCESSOR_DEFINITIONS = (
					"DEBUG=1",
					"$(inherited)",
				);
				GCC_WARN_64_TO_32_BIT_CONVERSION = YES;
				GCC_WARN_ABOUT_RETURN_TYPE = YES_ERROR;
				GCC_WARN_UNDECLARED_SELECTOR = YES;
				GCC_WARN_UNINITIALIZED_AUTOS = YES_AGGRESSIVE;
				GCC_WARN_UNUSED_FUNCTION = YES;
				GCC_WARN_UNUSED_VARIABLE = YES;
				IPHONEOS_DEPLOYMENT_TARGET = 9.2;
				MTL_ENABLE_DEBUG_INFO = YES;
				ONLY_ACTIVE_ARCH = YES;
				SDKROOT = iphoneos;
				SWIFT_OPTIMIZATION_LEVEL = "-Onone";
				TARGETED_DEVICE_FAMILY = "1,2";
			};
			name = Debug;
		};
		174974911C224AD500B95AAF /* Release */ = {
			isa = XCBuildConfiguration;
			buildSettings = {
				ALWAYS_SEARCH_USER_PATHS = NO;
				CLANG_CXX_LANGUAGE_STANDARD = "gnu++0x";
				CLANG_CXX_LIBRARY = "libc++";
				CLANG_ENABLE_MODULES = YES;
				CLANG_ENABLE_OBJC_ARC = YES;
				CLANG_WARN_BOOL_CONVERSION = YES;
				CLANG_WARN_CONSTANT_CONVERSION = YES;
				CLANG_WARN_DIRECT_OBJC_ISA_USAGE = YES_ERROR;
				CLANG_WARN_EMPTY_BODY = YES;
				CLANG_WARN_ENUM_CONVERSION = YES;
				CLANG_WARN_INT_CONVERSION = YES;
				CLANG_WARN_OBJC_ROOT_CLASS = YES_ERROR;
				CLANG_WARN_UNREACHABLE_CODE = YES;
				CLANG_WARN__DUPLICATE_METHOD_MATCH = YES;
				"CODE_SIGN_IDENTITY[sdk=iphoneos*]" = "iPhone Developer";
				COPY_PHASE_STRIP = NO;
				DEBUG_INFORMATION_FORMAT = "dwarf-with-dsym";
				ENABLE_NS_ASSERTIONS = NO;
				ENABLE_STRICT_OBJC_MSGSEND = YES;
				GCC_C_LANGUAGE_STANDARD = gnu99;
				GCC_NO_COMMON_BLOCKS = YES;
				GCC_WARN_64_TO_32_BIT_CONVERSION = YES;
				GCC_WARN_ABOUT_RETURN_TYPE = YES_ERROR;
				GCC_WARN_UNDECLARED_SELECTOR = YES;
				GCC_WARN_UNINITIALIZED_AUTOS = YES_AGGRESSIVE;
				GCC_WARN_UNUSED_FUNCTION = YES;
				GCC_WARN_UNUSED_VARIABLE = YES;
				IPHONEOS_DEPLOYMENT_TARGET = 9.2;
				MTL_ENABLE_DEBUG_INFO = NO;
				SDKROOT = iphoneos;
				TARGETED_DEVICE_FAMILY = "1,2";
				VALIDATE_PRODUCT = YES;
			};
			name = Release;
		};
		174974931C224AD500B95AAF /* Debug */ = {
			isa = XCBuildConfiguration;
			buildSettings = {
				ASSETCATALOG_COMPILER_APPICON_NAME = AppIcon;
				INFOPLIST_FILE = MGUnitTestDemo/Info.plist;
				LD_RUNPATH_SEARCH_PATHS = "$(inherited) @executable_path/Frameworks";
				PRODUCT_BUNDLE_IDENTIFIER = truong.tuan.MGUnitTestDemo;
				PRODUCT_NAME = "$(TARGET_NAME)";
			};
			name = Debug;
		};
		174974941C224AD500B95AAF /* Release */ = {
			isa = XCBuildConfiguration;
			buildSettings = {
				ASSETCATALOG_COMPILER_APPICON_NAME = AppIcon;
				INFOPLIST_FILE = MGUnitTestDemo/Info.plist;
				LD_RUNPATH_SEARCH_PATHS = "$(inherited) @executable_path/Frameworks";
				PRODUCT_BUNDLE_IDENTIFIER = truong.tuan.MGUnitTestDemo;
				PRODUCT_NAME = "$(TARGET_NAME)";
			};
			name = Release;
		};
		174974961C224AD500B95AAF /* Debug */ = {
			isa = XCBuildConfiguration;
			buildSettings = {
				BUNDLE_LOADER = "$(TEST_HOST)";
				INFOPLIST_FILE = MGUnitTestDemoTests/Info.plist;
				LD_RUNPATH_SEARCH_PATHS = "$(inherited) @executable_path/Frameworks @loader_path/Frameworks";
				PRODUCT_BUNDLE_IDENTIFIER = truong.tuan.MGUnitTestDemoTests;
				PRODUCT_NAME = "$(TARGET_NAME)";
				TEST_HOST = "$(BUILT_PRODUCTS_DIR)/MGUnitTestDemo.app/MGUnitTestDemo";
			};
			name = Debug;
		};
		174974971C224AD500B95AAF /* Release */ = {
			isa = XCBuildConfiguration;
			buildSettings = {
				BUNDLE_LOADER = "$(TEST_HOST)";
				INFOPLIST_FILE = MGUnitTestDemoTests/Info.plist;
				LD_RUNPATH_SEARCH_PATHS = "$(inherited) @executable_path/Frameworks @loader_path/Frameworks";
				PRODUCT_BUNDLE_IDENTIFIER = truong.tuan.MGUnitTestDemoTests;
				PRODUCT_NAME = "$(TARGET_NAME)";
				TEST_HOST = "$(BUILT_PRODUCTS_DIR)/MGUnitTestDemo.app/MGUnitTestDemo";
			};
			name = Release;
		};
/* End XCBuildConfiguration section */

/* Begin XCConfigurationList section */
		174974701C224AD500B95AAF /* Build configuration list for PBXProject "MGUnitTestDemo" */ = {
			isa = XCConfigurationList;
			buildConfigurations = (
				174974901C224AD500B95AAF /* Debug */,
				174974911C224AD500B95AAF /* Release */,
			);
			defaultConfigurationIsVisible = 0;
			defaultConfigurationName = Release;
		};
		174974921C224AD500B95AAF /* Build configuration list for PBXNativeTarget "MGUnitTestDemo" */ = {
			isa = XCConfigurationList;
			buildConfigurations = (
				174974931C224AD500B95AAF /* Debug */,
				174974941C224AD500B95AAF /* Release */,
			);
			defaultConfigurationIsVisible = 0;
			defaultConfigurationName = Release;
		};
		174974951C224AD500B95AAF /* Build configuration list for PBXNativeTarget "MGUnitTestDemoTests" */ = {
			isa = XCConfigurationList;
			buildConfigurations = (
				174974961C224AD500B95AAF /* Debug */,
				174974971C224AD500B95AAF /* Release */,
			);
			defaultConfigurationIsVisible = 0;
			defaultConfigurationName = Release;
		};
/* End XCConfigurationList section */
	};
	rootObject = 1749746D1C224AD500B95AAF /* Project object */;
}
